PODS:
  - Flutter (1.0.0)
  - flutter_nes (0.0.1):
    - Flutter

DEPENDENCIES:
  - Flutter (from `Flutter`)
  - flutter_nes (from `.symlinks/plugins/flutter_nes/ios`)

EXTERNAL SOURCES:
  Flutter:
    :path: Flutter
  flutter_nes:
    :path: ".symlinks/plugins/flutter_nes/ios"

SPEC CHECKSUMS:
  Flutter: 434fef37c0980e73bb6479ef766c45957d4b510c
  flutter_nes: f1560ec4182b0045e94c04d54f7c7f00e3339db2

PODFILE CHECKSUM: aafe91acc616949ddb318b77800a7f51bffa2a4c

COCOAPODS: 1.10.1
